
Microsoft Visual Studio Solution File, Format Version 12.00
# Visual Studio Version 17
VisualStudioVersion = 17.9.34622.214
MinimumVisualStudioVersion = 10.0.40219.1
Project("{FAE04EC0-301F-11D3-BF4B-00C04F79EFBC}") = "Eq2Grau", "Eq2Grau\Eq2Grau.csproj", "{50539699-4A0C-4AF5-8419-4F9FAE05B19A}"
EndProject
Global
	GlobalSection(SolutionConfigurationPlatforms) = preSolution
		Debug|Any CPU = Debug|Any CPU
		Release|Any CPU = Release|Any CPU
	EndGlobalSection
	GlobalSection(ProjectConfigurationPlatforms) = postSolution
		{50539699-4A0C-4AF5-8419-4F9FAE05B19A}.Debug|Any CPU.ActiveCfg = Debug|Any CPU
		{50539699-4A0C-4AF5-8419-4F9FAE05B19A}.Debug|Any CPU.Build.0 = Debug|Any CPU
		{50539699-4A0C-4AF5-8419-4F9FAE05B19A}.Release|Any CPU.ActiveCfg = Release|Any CPU
		{50539699-4A0C-4AF5-8419-4F9FAE05B19A}.Release|Any CPU.Build.0 = Release|Any CPU
	EndGlobalSection
	GlobalSection(SolutionProperties) = preSolution
		HideSolutionNode = FALSE
	EndGlobalSection
	GlobalSection(ExtensibilityGlobals) = postSolution
		SolutionGuid = {39FA375C-9F91-4FB5-B48A-6F525C62790E}
	EndGlobalSection
EndGlobal
